
Microsoft Visual Studio Solution File, Format Version 12.00
# Visual Studio Version 17
VisualStudioVersion = 17.5.33627.172
MinimumVisualStudioVersion = 10.0.40219.1
Project("{8BC9CEB8-8B4A-11D0-8D11-00A0C91BC942}") = "List & Stack & Queue", "List & Stack\List & Stack.vcxproj", "{A471461A-8E81-49F9-862B-546524EB37DC}"
EndProject
Project("{8BC9CEB8-8B4A-11D0-8D11-00A0C91BC942}") = "Test", "Test\Test.vcxproj", "{6CB114EF-7844-49F3-BCB0-B00071A968BC}"
EndProject
Global
	GlobalSection(SolutionConfigurationPlatforms) = preSolution
		Debug|x64 = Debug|x64
		Debug|x86 = Debug|x86
		Release|x64 = Release|x64
		Release|x86 = Release|x86
	EndGlobalSection
	GlobalSection(ProjectConfigurationPlatforms) = postSolution
		{A471461A-8E81-49F9-862B-546524EB37DC}.Debug|x64.ActiveCfg = Debug|x64
		{A471461A-8E81-49F9-862B-546524EB37DC}.Debug|x64.Build.0 = Debug|x64
		{A471461A-8E81-49F9-862B-546524EB37DC}.Debug|x86.ActiveCfg = Debug|Win32
		{A471461A-8E81-49F9-862B-546524EB37DC}.Debug|x86.Build.0 = Debug|Win32
		{A471461A-8E81-49F9-862B-546524EB37DC}.Release|x64.ActiveCfg = Release|x64
		{A471461A-8E81-49F9-862B-546524EB37DC}.Release|x64.Build.0 = Release|x64
		{A471461A-8E81-49F9-862B-546524EB37DC}.Release|x86.ActiveCfg = Release|Win32
		{A471461A-8E81-49F9-862B-546524EB37DC}.Release|x86.Build.0 = Release|Win32
		{6CB114EF-7844-49F3-BCB0-B00071A968BC}.Debug|x64.ActiveCfg = Debug|x64
		{6CB114EF-7844-49F3-BCB0-B00071A968BC}.Debug|x64.Build.0 = Debug|x64
		{6CB114EF-7844-49F3-BCB0-B00071A968BC}.Debug|x86.ActiveCfg = Debug|Win32
		{6CB114EF-7844-49F3-BCB0-B00071A968BC}.Debug|x86.Build.0 = Debug|Win32
		{6CB114EF-7844-49F3-BCB0-B00071A968BC}.Release|x64.ActiveCfg = Release|x64
		{6CB114EF-7844-49F3-BCB0-B00071A968BC}.Release|x64.Build.0 = Release|x64
		{6CB114EF-7844-49F3-BCB0-B00071A968BC}.Release|x86.ActiveCfg = Release|Win32
		{6CB114EF-7844-49F3-BCB0-B00071A968BC}.Release|x86.Build.0 = Release|Win32
	EndGlobalSection
	GlobalSection(SolutionProperties) = preSolution
		HideSolutionNode = FALSE
	EndGlobalSection
	GlobalSection(ExtensibilityGlobals) = postSolution
		SolutionGuid = {90699464-0247-435C-91C0-7189E02E868B}
	EndGlobalSection
EndGlobal
